
Microsoft Visual Studio Solution File, Format Version 12.00
# Visual Studio Version 17
VisualStudioVersion = 17.0.31903.59
MinimumVisualStudioVersion = 10.0.40219.1
Project("{FAE04EC0-301F-11D3-BF4B-00C04F79EFBC}") = "Simple.Domain", "Simple.Domain\Simple.Domain.csproj", "{34203662-3D4E-453E-AF7B-1E27F8B974C1}"
EndProject
Project("{FAE04EC0-301F-11D3-BF4B-00C04F79EFBC}") = "Simple.Repo", "Simple.Repo\Simple.Repo.csproj", "{CC33D195-880C-44B6-873B-4AFDBCF4B1BE}"
EndProject
Project("{FAE04EC0-301F-11D3-BF4B-00C04F79EFBC}") = "Simple.Tests", "Simple.Tests\Simple.Tests.csproj", "{B639619E-681B-4E1E-8DD3-9F1BD22A8346}"
EndProject
Global
	GlobalSection(SolutionConfigurationPlatforms) = preSolution
		Debug|Any CPU = Debug|Any CPU
		Release|Any CPU = Release|Any CPU
	EndGlobalSection
	GlobalSection(SolutionProperties) = preSolution
		HideSolutionNode = FALSE
	EndGlobalSection
	GlobalSection(ProjectConfigurationPlatforms) = postSolution
		{34203662-3D4E-453E-AF7B-1E27F8B974C1}.Debug|Any CPU.ActiveCfg = Debug|Any CPU
		{34203662-3D4E-453E-AF7B-1E27F8B974C1}.Debug|Any CPU.Build.0 = Debug|Any CPU
		{34203662-3D4E-453E-AF7B-1E27F8B974C1}.Release|Any CPU.ActiveCfg = Release|Any CPU
		{34203662-3D4E-453E-AF7B-1E27F8B974C1}.Release|Any CPU.Build.0 = Release|Any CPU
		{CC33D195-880C-44B6-873B-4AFDBCF4B1BE}.Debug|Any CPU.ActiveCfg = Debug|Any CPU
		{CC33D195-880C-44B6-873B-4AFDBCF4B1BE}.Debug|Any CPU.Build.0 = Debug|Any CPU
		{CC33D195-880C-44B6-873B-4AFDBCF4B1BE}.Release|Any CPU.ActiveCfg = Release|Any CPU
		{CC33D195-880C-44B6-873B-4AFDBCF4B1BE}.Release|Any CPU.Build.0 = Release|Any CPU
		{B639619E-681B-4E1E-8DD3-9F1BD22A8346}.Debug|Any CPU.ActiveCfg = Debug|Any CPU
		{B639619E-681B-4E1E-8DD3-9F1BD22A8346}.Debug|Any CPU.Build.0 = Debug|Any CPU
		{B639619E-681B-4E1E-8DD3-9F1BD22A8346}.Release|Any CPU.ActiveCfg = Release|Any CPU
		{B639619E-681B-4E1E-8DD3-9F1BD22A8346}.Release|Any CPU.Build.0 = Release|Any CPU
	EndGlobalSection
EndGlobal
